
Microsoft Visual Studio Solution File, Format Version 12.00
# Visual Studio Version 17
VisualStudioVersion = 17.13.35818.85 d17.13
MinimumVisualStudioVersion = 10.0.40219.1
Project("{FAE04EC0-301F-11D3-BF4B-00C04F79EFBC}") = "PraktikumADO", "PraktikumADO.csproj", "{D47E38B2-C10D-4665-B818-1BACA12CE524}"
EndProject
Global
	GlobalSection(SolutionConfigurationPlatforms) = preSolution
		Debug|Any CPU = Debug|Any CPU
		Release|Any CPU = Release|Any CPU
	EndGlobalSection
	GlobalSection(ProjectConfigurationPlatforms) = postSolution
		{D47E38B2-C10D-4665-B818-1BACA12CE524}.Debug|Any CPU.ActiveCfg = Debug|Any CPU
		{D47E38B2-C10D-4665-B818-1BACA12CE524}.Debug|Any CPU.Build.0 = Debug|Any CPU
		{D47E38B2-C10D-4665-B818-1BACA12CE524}.Release|Any CPU.ActiveCfg = Release|Any CPU
		{D47E38B2-C10D-4665-B818-1BACA12CE524}.Release|Any CPU.Build.0 = Release|Any CPU
	EndGlobalSection
	GlobalSection(SolutionProperties) = preSolution
		HideSolutionNode = FALSE
	EndGlobalSection
	GlobalSection(ExtensibilityGlobals) = postSolution
		SolutionGuid = {491E23A9-E4B5-4D55-879F-3C9A36485D38}
	EndGlobalSection
EndGlobal
